{
  "originHash" : "d194d792dc79b71bf48e394da87d9febfea28545b81610521ec7ecec1707066b",
  "pins" : [
    {
      "identity" : "union-haptics",
      "kind" : "remoteSourceControl",
      "location" : "https://github.com/unionst/union-haptics.git",
      "state" : {
        "revision" : "f837a21a2c8af5c7f7d03ade72f31abf1a4e11d1",
        "version" : "1.1.0"
      }
    }
  ],
  "version" : 3
}
