{
  "originHash" : "0a73fdabcf0775c13353f2b586f9a09ca6a5c335366d6fac2c6109eddae8e8ca",
  "pins" : [
    {
      "identity" : "union-gestures",
      "kind" : "remoteSourceControl",
      "location" : "https://github.com/unionst/union-gestures.git",
      "state" : {
        "revision" : "e6128f1d09aa94af0f44ffd6859ca854586a0df1",
        "version" : "1.0.1"
      }
    },
    {
      "identity" : "union-haptics",
      "kind" : "remoteSourceControl",
      "location" : "https://github.com/unionst/union-haptics.git",
      "state" : {
        "revision" : "b876d2d90a7c8f4039939a0804882c9a3956e3c5",
        "version" : "1.2.1"
      }
    }
  ],
  "version" : 3
}
